
Microsoft Visual Studio Solution File, Format Version 12.00
# Visual Studio Version 17
VisualStudioVersion = 17.6.33829.357
MinimumVisualStudioVersion = 10.0.40219.1
Project("{FAE04EC0-301F-11D3-BF4B-00C04F79EFBC}") = "IfElseTernaryDemo", "IfElseTernaryDemo\IfElseTernaryDemo.csproj", "{1986214A-CF91-421B-9083-07D059CE9055}"
EndProject
Global
	GlobalSection(SolutionConfigurationPlatforms) = preSolution
		Debug|Any CPU = Debug|Any CPU
		Release|Any CPU = Release|Any CPU
	EndGlobalSection
	GlobalSection(ProjectConfigurationPlatforms) = postSolution
		{1986214A-CF91-421B-9083-07D059CE9055}.Debug|Any CPU.ActiveCfg = Debug|Any CPU
		{1986214A-CF91-421B-9083-07D059CE9055}.Debug|Any CPU.Build.0 = Debug|Any CPU
		{1986214A-CF91-421B-9083-07D059CE9055}.Release|Any CPU.ActiveCfg = Release|Any CPU
		{1986214A-CF91-421B-9083-07D059CE9055}.Release|Any CPU.Build.0 = Release|Any CPU
	EndGlobalSection
	GlobalSection(SolutionProperties) = preSolution
		HideSolutionNode = FALSE
	EndGlobalSection
	GlobalSection(ExtensibilityGlobals) = postSolution
		SolutionGuid = {769046A9-4F49-492A-8E99-48CFEDCD4A5D}
	EndGlobalSection
EndGlobal
